
Microsoft Visual Studio Solution File, Format Version 12.00
# Visual Studio Version 17
VisualStudioVersion = 17.13.35931.197 d17.13
MinimumVisualStudioVersion = 10.0.40219.1
Project("{FAE04EC0-301F-11D3-BF4B-00C04F79EFBC}") = "MessageFlow.Frontend", "MessageFlow.Frontend\MessageFlow.Frontend.csproj", "{9C94B96D-538A-48B4-B81B-0F83281CB8AA}"
EndProject
Global
	GlobalSection(SolutionConfigurationPlatforms) = preSolution
		Debug|Any CPU = Debug|Any CPU
		Release|Any CPU = Release|Any CPU
	EndGlobalSection
	GlobalSection(ProjectConfigurationPlatforms) = postSolution
		{9C94B96D-538A-48B4-B81B-0F83281CB8AA}.Debug|Any CPU.ActiveCfg = Debug|Any CPU
		{9C94B96D-538A-48B4-B81B-0F83281CB8AA}.Debug|Any CPU.Build.0 = Debug|Any CPU
		{9C94B96D-538A-48B4-B81B-0F83281CB8AA}.Release|Any CPU.ActiveCfg = Release|Any CPU
		{9C94B96D-538A-48B4-B81B-0F83281CB8AA}.Release|Any CPU.Build.0 = Release|Any CPU
	EndGlobalSection
	GlobalSection(SolutionProperties) = preSolution
		HideSolutionNode = FALSE
	EndGlobalSection
	GlobalSection(ExtensibilityGlobals) = postSolution
		SolutionGuid = {F54C8C92-E0C0-433E-9F24-4AE6E247A4FC}
	EndGlobalSection
EndGlobal
